
Microsoft Visual Studio Solution File, Format Version 12.00
# Visual Studio Version 17
VisualStudioVersion = 17.6.33815.320
MinimumVisualStudioVersion = 10.0.40219.1
Project("{FAE04EC0-301F-11D3-BF4B-00C04F79EFBC}") = "EmployeeLib", "EmployeeLib\EmployeeLib.csproj", "{FE11DC0D-6DFA-4317-B898-6A8FBED415BA}"
EndProject
Global
	GlobalSection(SolutionConfigurationPlatforms) = preSolution
		Debug|Any CPU = Debug|Any CPU
		Release|Any CPU = Release|Any CPU
	EndGlobalSection
	GlobalSection(ProjectConfigurationPlatforms) = postSolution
		{FE11DC0D-6DFA-4317-B898-6A8FBED415BA}.Debug|Any CPU.ActiveCfg = Debug|Any CPU
		{FE11DC0D-6DFA-4317-B898-6A8FBED415BA}.Debug|Any CPU.Build.0 = Debug|Any CPU
		{FE11DC0D-6DFA-4317-B898-6A8FBED415BA}.Release|Any CPU.ActiveCfg = Release|Any CPU
		{FE11DC0D-6DFA-4317-B898-6A8FBED415BA}.Release|Any CPU.Build.0 = Release|Any CPU
	EndGlobalSection
	GlobalSection(SolutionProperties) = preSolution
		HideSolutionNode = FALSE
	EndGlobalSection
	GlobalSection(ExtensibilityGlobals) = postSolution
		SolutionGuid = {42C28BE0-5333-43E5-970A-87BBFDB53C98}
	EndGlobalSection
EndGlobal
