
Microsoft Visual Studio Solution File, Format Version 12.00
# Visual Studio Version 17
VisualStudioVersion = 17.6.33815.320
MinimumVisualStudioVersion = 10.0.40219.1
Project("{FAE04EC0-301F-11D3-BF4B-00C04F79EFBC}") = "BinarySerialization", "BinarySerialization\BinarySerialization.csproj", "{B05FA551-16F5-4F98-AF99-2A4712F1FDA4}"
EndProject
Global
	GlobalSection(SolutionConfigurationPlatforms) = preSolution
		Debug|Any CPU = Debug|Any CPU
		Release|Any CPU = Release|Any CPU
	EndGlobalSection
	GlobalSection(ProjectConfigurationPlatforms) = postSolution
		{B05FA551-16F5-4F98-AF99-2A4712F1FDA4}.Debug|Any CPU.ActiveCfg = Debug|Any CPU
		{B05FA551-16F5-4F98-AF99-2A4712F1FDA4}.Debug|Any CPU.Build.0 = Debug|Any CPU
		{B05FA551-16F5-4F98-AF99-2A4712F1FDA4}.Release|Any CPU.ActiveCfg = Release|Any CPU
		{B05FA551-16F5-4F98-AF99-2A4712F1FDA4}.Release|Any CPU.Build.0 = Release|Any CPU
	EndGlobalSection
	GlobalSection(SolutionProperties) = preSolution
		HideSolutionNode = FALSE
	EndGlobalSection
	GlobalSection(ExtensibilityGlobals) = postSolution
		SolutionGuid = {138B4EB7-A9BE-44FC-92D6-FAE10D4F73B6}
	EndGlobalSection
EndGlobal
