
Microsoft Visual Studio Solution File, Format Version 12.00
# Visual Studio Version 17
VisualStudioVersion = 17.6.33815.320
MinimumVisualStudioVersion = 10.0.40219.1
Project("{FAE04EC0-301F-11D3-BF4B-00C04F79EFBC}") = "XMLDeSerialization", "XMLDeSerialization\XMLDeSerialization.csproj", "{CE289DB7-A1BA-4BEB-A709-32CB89056EB4}"
EndProject
Global
	GlobalSection(SolutionConfigurationPlatforms) = preSolution
		Debug|Any CPU = Debug|Any CPU
		Release|Any CPU = Release|Any CPU
	EndGlobalSection
	GlobalSection(ProjectConfigurationPlatforms) = postSolution
		{CE289DB7-A1BA-4BEB-A709-32CB89056EB4}.Debug|Any CPU.ActiveCfg = Debug|Any CPU
		{CE289DB7-A1BA-4BEB-A709-32CB89056EB4}.Debug|Any CPU.Build.0 = Debug|Any CPU
		{CE289DB7-A1BA-4BEB-A709-32CB89056EB4}.Release|Any CPU.ActiveCfg = Release|Any CPU
		{CE289DB7-A1BA-4BEB-A709-32CB89056EB4}.Release|Any CPU.Build.0 = Release|Any CPU
	EndGlobalSection
	GlobalSection(SolutionProperties) = preSolution
		HideSolutionNode = FALSE
	EndGlobalSection
	GlobalSection(ExtensibilityGlobals) = postSolution
		SolutionGuid = {3E963B9E-9790-4D51-84A9-4BF77ACBA353}
	EndGlobalSection
EndGlobal
